
Microsoft Visual Studio Solution File, Format Version 12.00
# Visual Studio Version 16
VisualStudioVersion = 16.0.31727.386
MinimumVisualStudioVersion = 10.0.40219.1
Project("{9A19103F-16F7-4668-BE54-9A1E7A4F7556}") = "Mapex.Predicates.FileSystem", "Mapex.Predicates.FileSystem\Mapex.Predicates.FileSystem.csproj", "{B708F48B-23B3-4999-A711-5A264D6B7BE5}"
EndProject
Project("{9A19103F-16F7-4668-BE54-9A1E7A4F7556}") = "Mapex.Predicates.FileSystem.Tests", "Mapex.Predicates.FileSystem.Tests\Mapex.Predicates.FileSystem.Tests.csproj", "{929E881A-E4AB-488A-89FF-8D6101F94CD0}"
EndProject
Project("{2150E333-8FDC-42A3-9474-1A3956D46DE8}") = "Solution Items", "Solution Items", "{AF3B884F-4C12-40E7-AB65-634B8151F51C}"
	ProjectSection(SolutionItems) = preProject
		..\LICENSE = ..\LICENSE
		..\README.md = ..\README.md
	EndProjectSection
EndProject
Global
	GlobalSection(SolutionConfigurationPlatforms) = preSolution
		Debug|Any CPU = Debug|Any CPU
		Release|Any CPU = Release|Any CPU
	EndGlobalSection
	GlobalSection(ProjectConfigurationPlatforms) = postSolution
		{B708F48B-23B3-4999-A711-5A264D6B7BE5}.Debug|Any CPU.ActiveCfg = Debug|Any CPU
		{B708F48B-23B3-4999-A711-5A264D6B7BE5}.Debug|Any CPU.Build.0 = Debug|Any CPU
		{B708F48B-23B3-4999-A711-5A264D6B7BE5}.Release|Any CPU.ActiveCfg = Release|Any CPU
		{B708F48B-23B3-4999-A711-5A264D6B7BE5}.Release|Any CPU.Build.0 = Release|Any CPU
		{929E881A-E4AB-488A-89FF-8D6101F94CD0}.Debug|Any CPU.ActiveCfg = Debug|Any CPU
		{929E881A-E4AB-488A-89FF-8D6101F94CD0}.Debug|Any CPU.Build.0 = Debug|Any CPU
		{929E881A-E4AB-488A-89FF-8D6101F94CD0}.Release|Any CPU.ActiveCfg = Release|Any CPU
		{929E881A-E4AB-488A-89FF-8D6101F94CD0}.Release|Any CPU.Build.0 = Release|Any CPU
	EndGlobalSection
	GlobalSection(SolutionProperties) = preSolution
		HideSolutionNode = FALSE
	EndGlobalSection
	GlobalSection(ExtensibilityGlobals) = postSolution
		SolutionGuid = {4990DF62-AD5E-45B2-9B12-838E329F007D}
	EndGlobalSection
EndGlobal
